
Microsoft Visual Studio Solution File, Format Version 12.00
# Visual Studio 14
VisualStudioVersion = 14.0.24720.0
MinimumVisualStudioVersion = 10.0.40219.1
Project("{FAE04EC0-301F-11D3-BF4B-00C04F79EFBC}") = "T1", "T1\T1.csproj", "{627DE030-6259-44BA-AA0E-52DDB985189F}"
EndProject
Project("{FAE04EC0-301F-11D3-BF4B-00C04F79EFBC}") = "T2", "T2\T2.csproj", "{CD72F59B-40F1-4B05-AF1B-3E3C345D2934}"
EndProject
Project("{FAE04EC0-301F-11D3-BF4B-00C04F79EFBC}") = "T4", "T4\T4.csproj", "{0DA1111A-6689-448A-B9C2-159493EF126E}"
EndProject
Global
	GlobalSection(SolutionConfigurationPlatforms) = preSolution
		Debug|Any CPU = Debug|Any CPU
		Release|Any CPU = Release|Any CPU
	EndGlobalSection
	GlobalSection(ProjectConfigurationPlatforms) = postSolution
		{627DE030-6259-44BA-AA0E-52DDB985189F}.Debug|Any CPU.ActiveCfg = Debug|Any CPU
		{627DE030-6259-44BA-AA0E-52DDB985189F}.Debug|Any CPU.Build.0 = Debug|Any CPU
		{627DE030-6259-44BA-AA0E-52DDB985189F}.Release|Any CPU.ActiveCfg = Release|Any CPU
		{627DE030-6259-44BA-AA0E-52DDB985189F}.Release|Any CPU.Build.0 = Release|Any CPU
		{CD72F59B-40F1-4B05-AF1B-3E3C345D2934}.Debug|Any CPU.ActiveCfg = Debug|Any CPU
		{CD72F59B-40F1-4B05-AF1B-3E3C345D2934}.Debug|Any CPU.Build.0 = Debug|Any CPU
		{CD72F59B-40F1-4B05-AF1B-3E3C345D2934}.Release|Any CPU.ActiveCfg = Release|Any CPU
		{CD72F59B-40F1-4B05-AF1B-3E3C345D2934}.Release|Any CPU.Build.0 = Release|Any CPU
		{0DA1111A-6689-448A-B9C2-159493EF126E}.Debug|Any CPU.ActiveCfg = Debug|Any CPU
		{0DA1111A-6689-448A-B9C2-159493EF126E}.Debug|Any CPU.Build.0 = Debug|Any CPU
		{0DA1111A-6689-448A-B9C2-159493EF126E}.Release|Any CPU.ActiveCfg = Release|Any CPU
		{0DA1111A-6689-448A-B9C2-159493EF126E}.Release|Any CPU.Build.0 = Release|Any CPU
	EndGlobalSection
	GlobalSection(SolutionProperties) = preSolution
		HideSolutionNode = FALSE
	EndGlobalSection
EndGlobal
